
Microsoft Visual Studio Solution File, Format Version 12.00
# Visual Studio Version 17
VisualStudioVersion = 17.1.32120.378
MinimumVisualStudioVersion = 10.0.40219.1
Project("{FAE04EC0-301F-11D3-BF4B-00C04F79EFBC}") = "1.6", "1.6.csproj", "{8B565593-A18F-BCA5-2C7D-48ED2CB7B346}"
EndProject
Global
	GlobalSection(SolutionConfigurationPlatforms) = preSolution
		Debug|Any CPU = Debug|Any CPU
		Release|Any CPU = Release|Any CPU
	EndGlobalSection
	GlobalSection(ProjectConfigurationPlatforms) = postSolution
		{8B565593-A18F-BCA5-2C7D-48ED2CB7B346}.Debug|Any CPU.ActiveCfg = Debug|Any CPU
		{8B565593-A18F-BCA5-2C7D-48ED2CB7B346}.Debug|Any CPU.Build.0 = Debug|Any CPU
		{8B565593-A18F-BCA5-2C7D-48ED2CB7B346}.Release|Any CPU.ActiveCfg = Release|Any CPU
		{8B565593-A18F-BCA5-2C7D-48ED2CB7B346}.Release|Any CPU.Build.0 = Release|Any CPU
	EndGlobalSection
	GlobalSection(SolutionProperties) = preSolution
		HideSolutionNode = FALSE
	EndGlobalSection
	GlobalSection(ExtensibilityGlobals) = postSolution
		SolutionGuid = {77D96407-032A-4609-995A-EA52611536DC}
	EndGlobalSection
EndGlobal
